
Microsoft Visual Studio Solution File, Format Version 12.00
# Visual Studio Version 17
VisualStudioVersion = 17.0.31903.59
MinimumVisualStudioVersion = 10.0.40219.1
Project("{9A19103F-16F7-4668-BE54-9A1E7A4F7556}") = "Dispatch.Scripts.Abstractions", "..\Dispatch.Scripts.Abstractions\Dispatch.Scripts.Abstractions.csproj", "{EFED9F50-8C88-4772-BAE1-75DF46312A00}"
EndProject
Project("{9A19103F-16F7-4668-BE54-9A1E7A4F7556}") = "Dispatch.Measures", "..\Dispatch.Measures\Dispatch.Measures.csproj", "{DC71DF4E-2710-4B37-9B7F-575131D89E72}"
EndProject
Project("{FAE04EC0-301F-11D3-BF4B-00C04F79EFBC}") = "Dispatch.Scripts.Sample", "Dispatch.Scripts.Sample\Dispatch.Scripts.Sample.csproj", "{A663491C-8BDB-4354-A6C8-84D16A737F36}"
EndProject
Global
	GlobalSection(SolutionConfigurationPlatforms) = preSolution
		Debug|Any CPU = Debug|Any CPU
		Release|Any CPU = Release|Any CPU
	EndGlobalSection
	GlobalSection(ProjectConfigurationPlatforms) = postSolution
		{EFED9F50-8C88-4772-BAE1-75DF46312A00}.Debug|Any CPU.ActiveCfg = Debug|Any CPU
		{EFED9F50-8C88-4772-BAE1-75DF46312A00}.Debug|Any CPU.Build.0 = Debug|Any CPU
		{EFED9F50-8C88-4772-BAE1-75DF46312A00}.Release|Any CPU.ActiveCfg = Release|Any CPU
		{EFED9F50-8C88-4772-BAE1-75DF46312A00}.Release|Any CPU.Build.0 = Release|Any CPU
		{DC71DF4E-2710-4B37-9B7F-575131D89E72}.Debug|Any CPU.ActiveCfg = Debug|Any CPU
		{DC71DF4E-2710-4B37-9B7F-575131D89E72}.Debug|Any CPU.Build.0 = Debug|Any CPU
		{DC71DF4E-2710-4B37-9B7F-575131D89E72}.Release|Any CPU.ActiveCfg = Release|Any CPU
		{DC71DF4E-2710-4B37-9B7F-575131D89E72}.Release|Any CPU.Build.0 = Release|Any CPU
		{A663491C-8BDB-4354-A6C8-84D16A737F36}.Debug|Any CPU.ActiveCfg = Debug|Any CPU
		{A663491C-8BDB-4354-A6C8-84D16A737F36}.Debug|Any CPU.Build.0 = Debug|Any CPU
		{A663491C-8BDB-4354-A6C8-84D16A737F36}.Release|Any CPU.ActiveCfg = Release|Any CPU
		{A663491C-8BDB-4354-A6C8-84D16A737F36}.Release|Any CPU.Build.0 = Release|Any CPU
	EndGlobalSection
	GlobalSection(SolutionProperties) = preSolution
		HideSolutionNode = FALSE
	EndGlobalSection
	GlobalSection(ExtensibilityGlobals) = postSolution
		SolutionGuid = {F8DDAFC3-27B5-401C-A7D0-7187C8765DFE}
	EndGlobalSection
EndGlobal
